
Microsoft Visual Studio Solution File, Format Version 12.00
# Visual Studio Version 17
VisualStudioVersion = 17.5.33530.505
MinimumVisualStudioVersion = 10.0.40219.1
Project("{FAE04EC0-301F-11D3-BF4B-00C04F79EFBC}") = "PokemonApp", "PokemonApp\PokemonApp.csproj", "{BD0D1F72-48E1-4AFD-A5EC-24B55D311D54}"
EndProject
Project("{FAE04EC0-301F-11D3-BF4B-00C04F79EFBC}") = "dominio", "dominio\dominio.csproj", "{8598FF1E-B7AF-42DE-A766-6DF3781F0CA9}"
EndProject
Project("{FAE04EC0-301F-11D3-BF4B-00C04F79EFBC}") = "negocio", "negocio\negocio.csproj", "{7C8B98A8-EE45-4797-88F3-40532854A131}"
EndProject
Global
	GlobalSection(SolutionConfigurationPlatforms) = preSolution
		Debug|Any CPU = Debug|Any CPU
		Release|Any CPU = Release|Any CPU
	EndGlobalSection
	GlobalSection(ProjectConfigurationPlatforms) = postSolution
		{BD0D1F72-48E1-4AFD-A5EC-24B55D311D54}.Debug|Any CPU.ActiveCfg = Debug|Any CPU
		{BD0D1F72-48E1-4AFD-A5EC-24B55D311D54}.Debug|Any CPU.Build.0 = Debug|Any CPU
		{BD0D1F72-48E1-4AFD-A5EC-24B55D311D54}.Release|Any CPU.ActiveCfg = Release|Any CPU
		{BD0D1F72-48E1-4AFD-A5EC-24B55D311D54}.Release|Any CPU.Build.0 = Release|Any CPU
		{8598FF1E-B7AF-42DE-A766-6DF3781F0CA9}.Debug|Any CPU.ActiveCfg = Debug|Any CPU
		{8598FF1E-B7AF-42DE-A766-6DF3781F0CA9}.Debug|Any CPU.Build.0 = Debug|Any CPU
		{8598FF1E-B7AF-42DE-A766-6DF3781F0CA9}.Release|Any CPU.ActiveCfg = Release|Any CPU
		{8598FF1E-B7AF-42DE-A766-6DF3781F0CA9}.Release|Any CPU.Build.0 = Release|Any CPU
		{7C8B98A8-EE45-4797-88F3-40532854A131}.Debug|Any CPU.ActiveCfg = Debug|Any CPU
		{7C8B98A8-EE45-4797-88F3-40532854A131}.Debug|Any CPU.Build.0 = Debug|Any CPU
		{7C8B98A8-EE45-4797-88F3-40532854A131}.Release|Any CPU.ActiveCfg = Release|Any CPU
		{7C8B98A8-EE45-4797-88F3-40532854A131}.Release|Any CPU.Build.0 = Release|Any CPU
	EndGlobalSection
	GlobalSection(SolutionProperties) = preSolution
		HideSolutionNode = FALSE
	EndGlobalSection
	GlobalSection(ExtensibilityGlobals) = postSolution
		SolutionGuid = {14BB61D8-B2D0-4191-9D52-09D65FBEF686}
	EndGlobalSection
EndGlobal
